{
  "lockfileVersion": 1,
  "configVersion": 1,
  "workspaces": {
    "": {
      "name": "qcy-control",
      "dependencies": {
        "chalk": "^5.3.0",
        "commander": "^12.1.0",
        "conf": "^12.0.0",
        "picocolors": "^1.1.1",
      },
      "devDependencies": {
        "@types/node": "^20.11.0",
        "bun-types": "latest",
      },
    },
  },
  "packages": {
    "@types/node": ["@types/node@20.19.41", "", { "dependencies": { "undici-types": "~6.21.0" } }, "sha512-ECymXOukMnOoVkC2bb1Vc/w/836DXncOg5m8Xj1RH7xSHZJWNYY6Zh7EH477vcnD5egKNNfy2RpNOmuChhFPgQ=="],

    "ajv": ["ajv@8.20.0", "", { "dependencies": { "fast-deep-equal": "^3.1.3", "fast-uri": "^3.0.1", "json-schema-traverse": "^1.0.0", "require-from-string": "^2.0.2" } }, "sha512-Thbli+OlOj+iMPYFBVBfJ3OmCAnaSyNn4M1vz9T6Gka5Jt9ba/HIR56joy65tY6kx/FCF5VXNB819Y7/GUrBGA=="],

    "ajv-formats": ["ajv-formats@2.1.1", "", { "dependencies": { "ajv": "^8.0.0" } }, "sha512-Wx0Kx52hxE7C18hkMEggYlEifqWZtYaRgouJor+WMdPnQyEK13vgEWyVNup7SoeeoLMsr4kf5h6dOW11I15MUA=="],

    "atomically": ["atomically@2.1.1", "", { "dependencies": { "stubborn-fs": "^2.0.0", "when-exit": "^2.1.4" } }, "sha512-P4w9o2dqARji6P7MHprklbfiArZAWvo07yW7qs3pdljb3BWr12FIB7W+p0zJiuiVsUpRO0iZn1kFFcpPegg0tQ=="],

    "bun-types": ["bun-types@1.3.14", "", { "dependencies": { "@types/node": "*" } }, "sha512-4N0ig0fEomHt5R0KCFWjovxow98rIoRwKolrYdCcknNwMekCXRnWEUvgu5soYV8QXtVsrUD8B95MBOZGPvr6KQ=="],

    "chalk": ["chalk@5.6.2", "", {}, "sha512-7NzBL0rN6fMUW+f7A6Io4h40qQlG+xGmtMxfbnH/K7TAtt8JQWVQK+6g0UXKMeVJoyV5EkkNsErQ8pVD3bLHbA=="],

    "commander": ["commander@12.1.0", "", {}, "sha512-Vw8qHK3bZM9y/P10u3Vib8o/DdkvA2OtPtZvD871QKjy74Wj1WSKFILMPRPSdUSx5RFK1arlJzEtA4PkFgnbuA=="],

    "conf": ["conf@12.0.0", "", { "dependencies": { "ajv": "^8.12.0", "ajv-formats": "^2.1.1", "atomically": "^2.0.2", "debounce-fn": "^5.1.2", "dot-prop": "^8.0.2", "env-paths": "^3.0.0", "json-schema-typed": "^8.0.1", "semver": "^7.5.4", "uint8array-extras": "^0.3.0" } }, "sha512-fIWyWUXrJ45cHCIQX+Ck1hrZDIf/9DR0P0Zewn3uNht28hbt5OfGUq8rRWsxi96pZWPyBEd0eY9ama01JTaknA=="],

    "debounce-fn": ["debounce-fn@5.1.2", "", { "dependencies": { "mimic-fn": "^4.0.0" } }, "sha512-Sr4SdOZ4vw6eQDvPYNxHogvrxmCIld/VenC5JbNrFwMiwd7lY/Z18ZFfo+EWNG4DD9nFlAujWAo/wGuOPHmy5A=="],

    "dot-prop": ["dot-prop@8.0.2", "", { "dependencies": { "type-fest": "^3.8.0" } }, "sha512-xaBe6ZT4DHPkg0k4Ytbvn5xoxgpG0jOS1dYxSOwAHPuNLjP3/OzN0gH55SrLqpx8cBfSaVt91lXYkApjb+nYdQ=="],

    "env-paths": ["env-paths@3.0.0", "", {}, "sha512-dtJUTepzMW3Lm/NPxRf3wP4642UWhjL2sQxc+ym2YMj1m/H2zDNQOlezafzkHwn6sMstjHTwG6iQQsctDW/b1A=="],

    "fast-deep-equal": ["fast-deep-equal@3.1.3", "", {}, "sha512-f3qQ9oQy9j2AhBe/H9VC91wLmKBCCU/gDOnKNAYG5hswO7BLKj09Hc5HYNz9cGI++xlpDCIgDaitVs03ATR84Q=="],

    "fast-uri": ["fast-uri@3.1.2", "", {}, "sha512-rVjf7ArG3LTk+FS6Yw81V1DLuZl1bRbNrev6Tmd/9RaroeeRRJhAt7jg/6YFxbvAQXUCavSoZhPPj6oOx+5KjQ=="],

    "json-schema-traverse": ["json-schema-traverse@1.0.0", "", {}, "sha512-NM8/P9n3XjXhIZn1lLhkFaACTOURQXjWhV4BA/RnOv8xvgqtqpAX9IO4mRQxSx1Rlo4tqzeqb0sOlruaOy3dug=="],

    "json-schema-typed": ["json-schema-typed@8.0.2", "", {}, "sha512-fQhoXdcvc3V28x7C7BMs4P5+kNlgUURe2jmUT1T//oBRMDrqy1QPelJimwZGo7Hg9VPV3EQV5Bnq4hbFy2vetA=="],

    "mimic-fn": ["mimic-fn@4.0.0", "", {}, "sha512-vqiC06CuhBTUdZH+RYl8sFrL096vA45Ok5ISO6sE/Mr1jRbGH4Csnhi8f3wKVl7x8mO4Au7Ir9D3Oyv1VYMFJw=="],

    "picocolors": ["picocolors@1.1.1", "", {}, "sha512-xceH2snhtb5M9liqDsmEw56le376mTZkEX/jEb/RxNFyegNul7eNslCXP9FDj/Lcu0X8KEyMceP2ntpaHrDEVA=="],

    "require-from-string": ["require-from-string@2.0.2", "", {}, "sha512-Xf0nWe6RseziFMu+Ap9biiUbmplq6S9/p+7w7YXP/JBHhrUDDUhwa+vANyubuqfZWTveU//DYVGsDG7RKL/vEw=="],

    "semver": ["semver@7.8.1", "", { "bin": { "semver": "bin/semver.js" } }, "sha512-rkVq3IXh+4FDGch+KwzX3aV9W3kO54GyEgpvBzSyctDA6Xtd7RJQV1xmXbeQp5v7+VzLOfVqiutSE6GICgPFvg=="],

    "stubborn-fs": ["stubborn-fs@2.0.0", "", { "dependencies": { "stubborn-utils": "^1.0.1" } }, "sha512-Y0AvSwDw8y+nlSNFXMm2g6L51rBGdAQT20J3YSOqxC53Lo3bjWRtr2BKcfYoAf352WYpsZSTURrA0tqhfgudPA=="],

    "stubborn-utils": ["stubborn-utils@1.0.2", "", {}, "sha512-zOh9jPYI+xrNOyisSelgym4tolKTJCQd5GBhK0+0xJvcYDcwlOoxF/rnFKQ2KRZknXSG9jWAp66fwP6AxN9STg=="],

    "type-fest": ["type-fest@3.13.1", "", {}, "sha512-tLq3bSNx+xSpwvAJnzrK0Ep5CLNWjvFTOp71URMaAEWBfRb9nnJiBoUe0tF8bI4ZFO3omgBR6NvnbzVUT3Ly4g=="],

    "uint8array-extras": ["uint8array-extras@0.3.0", "", {}, "sha512-erJsJwQ0tKdwuqI0359U8ijkFmfiTcq25JvvzRVc1VP+2son1NJRXhxcAKJmAW3ajM8JSGAfsAXye8g4s+znxA=="],

    "undici-types": ["undici-types@6.21.0", "", {}, "sha512-iwDZqg0QAGrg9Rav5H4n0M64c3mkR59cJ6wQp+7C4nI0gsmExaedaYLNO44eT4AtBBwjbTiGPMlt2Md0T9H9JQ=="],

    "when-exit": ["when-exit@2.1.5", "", {}, "sha512-VGkKJ564kzt6Ms1dbgPP/yuIoQCrsFAnRbptpC5wOEsDaNsbCB2bnfnaA8i/vRs5tjUSEOtIuvl9/MyVsvQZCg=="],
  }
}
